<?xml version="1.0" encoding="utf-8"?>
<Project ToolsVersion="4.0" xmlns="http://schemas.microsoft.com/developer/msbuild/2003">
  <ItemGroup>
    <ClCompile Include="input.cpp">
      <Filter>ソースファイル</Filter>
    </ClCompile>
    <ClCompile Include="main.cpp">
      <Filter>ソースファイル</Filter>
    </ClCompile>
    <ClCompile Include="system.cpp">
      <Filter>ソースファイル</Filter>
    </ClCompile>
    <ClCompile Include="bg.cpp">
      <Filter>ソースファイル</Filter>
    </ClCompile>
    <ClCompile Include="bubble.cpp">
      <Filter>ソースファイル</Filter>
    </ClCompile>
    <ClCompile Include="map.cpp">
      <Filter>ソースファイル</Filter>
    </ClCompile>
    <ClCompile Include="UI.cpp">
      <Filter>ソースファイル</Filter>
    </ClCompile>
    <ClCompile Include="manage.cpp">
      <Filter>ソースファイル</Filter>
    </ClCompile>
    <ClCompile Include="waterSource.cpp">
      <Filter>ソースファイル</Filter>
    </ClCompile>
    <ClCompile Include="editor.cpp">
      <Filter>ソースファイル</Filter>
    </ClCompile>
    <ClCompile Include="file.cpp">
      <Filter>ソースファイル</Filter>
    </ClCompile>
  </ItemGroup>
  <ItemGroup>
    <ClInclude Include="common.h">
      <Filter>ヘッダーファイル</Filter>
    </ClInclude>
    <ClInclude Include="DxLibFile\DxLib.h">
      <Filter>ヘッダーファイル</Filter>
    </ClInclude>
    <ClInclude Include="input.h">
      <Filter>ヘッダーファイル</Filter>
    </ClInclude>
    <ClInclude Include="main.h">
      <Filter>ヘッダーファイル</Filter>
    </ClInclude>
    <ClInclude Include="system.h">
      <Filter>ヘッダーファイル</Filter>
    </ClInclude>
    <ClInclude Include="vec2.h">
      <Filter>ヘッダーファイル</Filter>
    </ClInclude>
    <ClInclude Include="singleton.h">
      <Filter>ヘッダーファイル</Filter>
    </ClInclude>
    <ClInclude Include="bubble.h">
      <Filter>ヘッダーファイル</Filter>
    </ClInclude>
    <ClInclude Include="bg.h">
      <Filter>ヘッダーファイル</Filter>
    </ClInclude>
    <ClInclude Include="map.h">
      <Filter>ヘッダーファイル</Filter>
    </ClInclude>
    <ClInclude Include="UI.h">
      <Filter>ヘッダーファイル</Filter>
    </ClInclude>
    <ClInclude Include="manage.h">
      <Filter>ヘッダーファイル</Filter>
    </ClInclude>
    <ClInclude Include="waterSource.h">
      <Filter>ヘッダーファイル</Filter>
    </ClInclude>
    <ClInclude Include="editor.h">
      <Filter>ヘッダーファイル</Filter>
    </ClInclude>
    <ClInclude Include="file.h">
      <Filter>ヘッダーファイル</Filter>
    </ClInclude>
  </ItemGroup>
  <ItemGroup>
    <Filter Include="ヘッダーファイル">
      <UniqueIdentifier>{a7f30f49-ebbe-41c7-a423-7aff53ac626d}</UniqueIdentifier>
    </Filter>
    <Filter Include="ソースファイル">
      <UniqueIdentifier>{bdbd57f2-d3c4-442b-b160-ba2e7314b2ad}</UniqueIdentifier>
    </Filter>
  </ItemGroup>
</Project>